
Microsoft Visual Studio Solution File, Format Version 12.00
# Visual Studio Version 16
VisualStudioVersion = 16.0.31313.79
MinimumVisualStudioVersion = 10.0.40219.1
Project("{FAE04EC0-301F-11D3-BF4B-00C04F79EFBC}") = "MichaelPuentesPruebaCarvajal", "MichaelPuentesPruebaCarvajal\MichaelPuentesPruebaCarvajal.csproj", "{4637FC36-8C9B-4D40-B44C-B8D089FF9B7A}"
EndProject
Global
	GlobalSection(SolutionConfigurationPlatforms) = preSolution
		Debug|Any CPU = Debug|Any CPU
		Release|Any CPU = Release|Any CPU
	EndGlobalSection
	GlobalSection(ProjectConfigurationPlatforms) = postSolution
		{4637FC36-8C9B-4D40-B44C-B8D089FF9B7A}.Debug|Any CPU.ActiveCfg = Debug|Any CPU
		{4637FC36-8C9B-4D40-B44C-B8D089FF9B7A}.Debug|Any CPU.Build.0 = Debug|Any CPU
		{4637FC36-8C9B-4D40-B44C-B8D089FF9B7A}.Release|Any CPU.ActiveCfg = Release|Any CPU
		{4637FC36-8C9B-4D40-B44C-B8D089FF9B7A}.Release|Any CPU.Build.0 = Release|Any CPU
	EndGlobalSection
	GlobalSection(SolutionProperties) = preSolution
		HideSolutionNode = FALSE
	EndGlobalSection
	GlobalSection(ExtensibilityGlobals) = postSolution
		SolutionGuid = {284B1B3F-AD48-4A2A-8798-D52F3CD97798}
	EndGlobalSection
EndGlobal
